
Microsoft Visual Studio Solution File, Format Version 12.00
# Visual Studio Version 17
VisualStudioVersion = 17.0.31903.59
MinimumVisualStudioVersion = 10.0.40219.1
Project("{9A19103F-16F7-4668-BE54-9A1E7A4F7556}") = "Shop.Application", "src\Shop.Application\Shop.Application.csproj", "{AEB8EE12-FB79-4FDE-B927-B9551297BDAD}"
EndProject
Project("{9A19103F-16F7-4668-BE54-9A1E7A4F7556}") = "Shop.Application.Contracts", "src\Shop.Application.Contracts\Shop.Application.Contracts.csproj", "{EE756C38-13A6-4E9A-9AF9-6ED1B24D9471}"
EndProject
Project("{9A19103F-16F7-4668-BE54-9A1E7A4F7556}") = "Shop.AuthServer", "src\Shop.AuthServer\Shop.AuthServer.csproj", "{034F4EB5-007A-484A-AF9E-37695B0C4601}"
EndProject
Project("{9A19103F-16F7-4668-BE54-9A1E7A4F7556}") = "Shop.DbMigrator", "src\Shop.DbMigrator\Shop.DbMigrator.csproj", "{7CDBBAEB-F08C-4DF6-B1FB-F2E252F050FB}"
EndProject
Project("{9A19103F-16F7-4668-BE54-9A1E7A4F7556}") = "Shop.Domain", "src\Shop.Domain\Shop.Domain.csproj", "{5342C1CC-6E1A-4AB0-BD5D-E8C944A9A35B}"
EndProject
Project("{9A19103F-16F7-4668-BE54-9A1E7A4F7556}") = "Shop.Domain.Shared", "src\Shop.Domain.Shared\Shop.Domain.Shared.csproj", "{C163F5CB-2209-4315-86F8-CC2DFA875495}"
EndProject
Project("{9A19103F-16F7-4668-BE54-9A1E7A4F7556}") = "Shop.EntityFrameworkCore", "src\Shop.EntityFrameworkCore\Shop.EntityFrameworkCore.csproj", "{687FBC52-2BA2-4825-B94E-3D5250F90356}"
EndProject
Project("{9A19103F-16F7-4668-BE54-9A1E7A4F7556}") = "Shop.HttpApi", "src\Shop.HttpApi\Shop.HttpApi.csproj", "{E8086876-FF0B-4464-92A2-D6C517C98535}"
EndProject
Project("{9A19103F-16F7-4668-BE54-9A1E7A4F7556}") = "Shop.HttpApi.Client", "src\Shop.HttpApi.Client\Shop.HttpApi.Client.csproj", "{32B8DADD-E05E-47D4-8E82-2C37371B860E}"
EndProject
Project("{9A19103F-16F7-4668-BE54-9A1E7A4F7556}") = "Shop.HttpApi.Host", "src\Shop.HttpApi.Host\Shop.HttpApi.Host.csproj", "{75246593-3221-4718-9C1E-9D39E6AA35D7}"
EndProject
Global
	GlobalSection(SolutionConfigurationPlatforms) = preSolution
		Debug|Any CPU = Debug|Any CPU
		Release|Any CPU = Release|Any CPU
	EndGlobalSection
	GlobalSection(ProjectConfigurationPlatforms) = postSolution
		{AEB8EE12-FB79-4FDE-B927-B9551297BDAD}.Debug|Any CPU.ActiveCfg = Debug|Any CPU
		{AEB8EE12-FB79-4FDE-B927-B9551297BDAD}.Debug|Any CPU.Build.0 = Debug|Any CPU
		{AEB8EE12-FB79-4FDE-B927-B9551297BDAD}.Release|Any CPU.ActiveCfg = Release|Any CPU
		{AEB8EE12-FB79-4FDE-B927-B9551297BDAD}.Release|Any CPU.Build.0 = Release|Any CPU
		{EE756C38-13A6-4E9A-9AF9-6ED1B24D9471}.Debug|Any CPU.ActiveCfg = Debug|Any CPU
		{EE756C38-13A6-4E9A-9AF9-6ED1B24D9471}.Debug|Any CPU.Build.0 = Debug|Any CPU
		{EE756C38-13A6-4E9A-9AF9-6ED1B24D9471}.Release|Any CPU.ActiveCfg = Release|Any CPU
		{EE756C38-13A6-4E9A-9AF9-6ED1B24D9471}.Release|Any CPU.Build.0 = Release|Any CPU
		{034F4EB5-007A-484A-AF9E-37695B0C4601}.Debug|Any CPU.ActiveCfg = Debug|Any CPU
		{034F4EB5-007A-484A-AF9E-37695B0C4601}.Debug|Any CPU.Build.0 = Debug|Any CPU
		{034F4EB5-007A-484A-AF9E-37695B0C4601}.Release|Any CPU.ActiveCfg = Release|Any CPU
		{034F4EB5-007A-484A-AF9E-37695B0C4601}.Release|Any CPU.Build.0 = Release|Any CPU
		{7CDBBAEB-F08C-4DF6-B1FB-F2E252F050FB}.Debug|Any CPU.ActiveCfg = Debug|Any CPU
		{7CDBBAEB-F08C-4DF6-B1FB-F2E252F050FB}.Debug|Any CPU.Build.0 = Debug|Any CPU
		{7CDBBAEB-F08C-4DF6-B1FB-F2E252F050FB}.Release|Any CPU.ActiveCfg = Release|Any CPU
		{7CDBBAEB-F08C-4DF6-B1FB-F2E252F050FB}.Release|Any CPU.Build.0 = Release|Any CPU
		{5342C1CC-6E1A-4AB0-BD5D-E8C944A9A35B}.Debug|Any CPU.ActiveCfg = Debug|Any CPU
		{5342C1CC-6E1A-4AB0-BD5D-E8C944A9A35B}.Debug|Any CPU.Build.0 = Debug|Any CPU
		{5342C1CC-6E1A-4AB0-BD5D-E8C944A9A35B}.Release|Any CPU.ActiveCfg = Release|Any CPU
		{5342C1CC-6E1A-4AB0-BD5D-E8C944A9A35B}.Release|Any CPU.Build.0 = Release|Any CPU
		{C163F5CB-2209-4315-86F8-CC2DFA875495}.Debug|Any CPU.ActiveCfg = Debug|Any CPU
		{C163F5CB-2209-4315-86F8-CC2DFA875495}.Debug|Any CPU.Build.0 = Debug|Any CPU
		{C163F5CB-2209-4315-86F8-CC2DFA875495}.Release|Any CPU.ActiveCfg = Release|Any CPU
		{C163F5CB-2209-4315-86F8-CC2DFA875495}.Release|Any CPU.Build.0 = Release|Any CPU
		{687FBC52-2BA2-4825-B94E-3D5250F90356}.Debug|Any CPU.ActiveCfg = Debug|Any CPU
		{687FBC52-2BA2-4825-B94E-3D5250F90356}.Debug|Any CPU.Build.0 = Debug|Any CPU
		{687FBC52-2BA2-4825-B94E-3D5250F90356}.Release|Any CPU.ActiveCfg = Release|Any CPU
		{687FBC52-2BA2-4825-B94E-3D5250F90356}.Release|Any CPU.Build.0 = Release|Any CPU
		{E8086876-FF0B-4464-92A2-D6C517C98535}.Debug|Any CPU.ActiveCfg = Debug|Any CPU
		{E8086876-FF0B-4464-92A2-D6C517C98535}.Debug|Any CPU.Build.0 = Debug|Any CPU
		{E8086876-FF0B-4464-92A2-D6C517C98535}.Release|Any CPU.ActiveCfg = Release|Any CPU
		{E8086876-FF0B-4464-92A2-D6C517C98535}.Release|Any CPU.Build.0 = Release|Any CPU
		{32B8DADD-E05E-47D4-8E82-2C37371B860E}.Debug|Any CPU.ActiveCfg = Debug|Any CPU
		{32B8DADD-E05E-47D4-8E82-2C37371B860E}.Debug|Any CPU.Build.0 = Debug|Any CPU
		{32B8DADD-E05E-47D4-8E82-2C37371B860E}.Release|Any CPU.ActiveCfg = Release|Any CPU
		{32B8DADD-E05E-47D4-8E82-2C37371B860E}.Release|Any CPU.Build.0 = Release|Any CPU
		{75246593-3221-4718-9C1E-9D39E6AA35D7}.Debug|Any CPU.ActiveCfg = Debug|Any CPU
		{75246593-3221-4718-9C1E-9D39E6AA35D7}.Debug|Any CPU.Build.0 = Debug|Any CPU
		{75246593-3221-4718-9C1E-9D39E6AA35D7}.Release|Any CPU.ActiveCfg = Release|Any CPU
		{75246593-3221-4718-9C1E-9D39E6AA35D7}.Release|Any CPU.Build.0 = Release|Any CPU
	EndGlobalSection
	GlobalSection(SolutionProperties) = preSolution
		HideSolutionNode = FALSE
	EndGlobalSection
	GlobalSection(ExtensibilityGlobals) = postSolution
		SolutionGuid = {44C921D7-4FAB-4A40-BB0B-B93303A873F9}
	EndGlobalSection
EndGlobal
